
Microsoft Visual Studio Solution File, Format Version 12.00
# Visual Studio Version 17
VisualStudioVersion = 17.8.34316.72
MinimumVisualStudioVersion = 10.0.40219.1
Project("{FAE04EC0-301F-11D3-BF4B-00C04F79EFBC}") = "TradeApp", "TradeApp.csproj", "{36DFADE8-D79A-495F-93BB-653AA8B7D9B0}"
EndProject
Global
	GlobalSection(SolutionConfigurationPlatforms) = preSolution
		Debug|Any CPU = Debug|Any CPU
		Release|Any CPU = Release|Any CPU
	EndGlobalSection
	GlobalSection(ProjectConfigurationPlatforms) = postSolution
		{36DFADE8-D79A-495F-93BB-653AA8B7D9B0}.Debug|Any CPU.ActiveCfg = Debug|Any CPU
		{36DFADE8-D79A-495F-93BB-653AA8B7D9B0}.Debug|Any CPU.Build.0 = Debug|Any CPU
		{36DFADE8-D79A-495F-93BB-653AA8B7D9B0}.Release|Any CPU.ActiveCfg = Release|Any CPU
		{36DFADE8-D79A-495F-93BB-653AA8B7D9B0}.Release|Any CPU.Build.0 = Release|Any CPU
	EndGlobalSection
	GlobalSection(SolutionProperties) = preSolution
		HideSolutionNode = FALSE
	EndGlobalSection
	GlobalSection(ExtensibilityGlobals) = postSolution
		SolutionGuid = {084A5EE4-7136-4912-9F2F-530EBA0A322F}
	EndGlobalSection
EndGlobal
